
Microsoft Visual Studio Solution File, Format Version 12.00
# Visual Studio Version 16
VisualStudioVersion = 16.0.30011.22
MinimumVisualStudioVersion = 10.0.40219.1
Project("{9A19103F-16F7-4668-BE54-9A1E7A4F7556}") = "WeeebLibrary.BLL", "WeeebLibrary.BLL\WeeebLibrary.BLL.csproj", "{F1AB954A-FDCA-4AC0-97F9-320735BFF5EF}"
EndProject
Project("{9A19103F-16F7-4668-BE54-9A1E7A4F7556}") = "WeeebLibrary.DAL", "WeeebLibrary.DAL\WeeebLibrary.DAL.csproj", "{0F92C205-7484-45B9-81CD-8AB5C1D80568}"
EndProject
Project("{9A19103F-16F7-4668-BE54-9A1E7A4F7556}") = "WeeebLibrary.WEB", "WeeebLibrary.WEB\WeeebLibrary.WEB.csproj", "{8D80F760-BB50-4CC4-A066-D7479D5B9DA1}"
EndProject
Project("{FAE04EC0-301F-11D3-BF4B-00C04F79EFBC}") = "Parser", "Parser\Parser.csproj", "{CE174161-9F12-4792-A6E8-FB8854675C75}"
EndProject
Global
	GlobalSection(SolutionConfigurationPlatforms) = preSolution
		Debug|Any CPU = Debug|Any CPU
		Release|Any CPU = Release|Any CPU
	EndGlobalSection
	GlobalSection(ProjectConfigurationPlatforms) = postSolution
		{F1AB954A-FDCA-4AC0-97F9-320735BFF5EF}.Debug|Any CPU.ActiveCfg = Debug|Any CPU
		{F1AB954A-FDCA-4AC0-97F9-320735BFF5EF}.Debug|Any CPU.Build.0 = Debug|Any CPU
		{F1AB954A-FDCA-4AC0-97F9-320735BFF5EF}.Release|Any CPU.ActiveCfg = Release|Any CPU
		{F1AB954A-FDCA-4AC0-97F9-320735BFF5EF}.Release|Any CPU.Build.0 = Release|Any CPU
		{0F92C205-7484-45B9-81CD-8AB5C1D80568}.Debug|Any CPU.ActiveCfg = Debug|Any CPU
		{0F92C205-7484-45B9-81CD-8AB5C1D80568}.Debug|Any CPU.Build.0 = Debug|Any CPU
		{0F92C205-7484-45B9-81CD-8AB5C1D80568}.Release|Any CPU.ActiveCfg = Release|Any CPU
		{0F92C205-7484-45B9-81CD-8AB5C1D80568}.Release|Any CPU.Build.0 = Release|Any CPU
		{8D80F760-BB50-4CC4-A066-D7479D5B9DA1}.Debug|Any CPU.ActiveCfg = Debug|Any CPU
		{8D80F760-BB50-4CC4-A066-D7479D5B9DA1}.Debug|Any CPU.Build.0 = Debug|Any CPU
		{8D80F760-BB50-4CC4-A066-D7479D5B9DA1}.Release|Any CPU.ActiveCfg = Release|Any CPU
		{8D80F760-BB50-4CC4-A066-D7479D5B9DA1}.Release|Any CPU.Build.0 = Release|Any CPU
		{CE174161-9F12-4792-A6E8-FB8854675C75}.Debug|Any CPU.ActiveCfg = Debug|Any CPU
		{CE174161-9F12-4792-A6E8-FB8854675C75}.Debug|Any CPU.Build.0 = Debug|Any CPU
		{CE174161-9F12-4792-A6E8-FB8854675C75}.Release|Any CPU.ActiveCfg = Release|Any CPU
		{CE174161-9F12-4792-A6E8-FB8854675C75}.Release|Any CPU.Build.0 = Release|Any CPU
	EndGlobalSection
	GlobalSection(SolutionProperties) = preSolution
		HideSolutionNode = FALSE
	EndGlobalSection
	GlobalSection(ExtensibilityGlobals) = postSolution
		SolutionGuid = {F087F21C-F737-4522-BAC9-4C7B7326668B}
	EndGlobalSection
EndGlobal
